
Microsoft Visual Studio Solution File, Format Version 12.00
# Visual Studio 15
VisualStudioVersion = 15.0.28010.2046
MinimumVisualStudioVersion = 10.0.40219.1
Project("{FAE04EC0-301F-11D3-BF4B-00C04F79EFBC}") = "ConcertCI", "ConcertCI\ConcertCI.csproj", "{378A6621-A24A-460E-9D63-3068592B3E63}"
EndProject
Global
	GlobalSection(SolutionConfigurationPlatforms) = preSolution
		Debug|Any CPU = Debug|Any CPU
		Release|Any CPU = Release|Any CPU
	EndGlobalSection
	GlobalSection(ProjectConfigurationPlatforms) = postSolution
		{378A6621-A24A-460E-9D63-3068592B3E63}.Debug|Any CPU.ActiveCfg = Debug|Any CPU
		{378A6621-A24A-460E-9D63-3068592B3E63}.Debug|Any CPU.Build.0 = Debug|Any CPU
		{378A6621-A24A-460E-9D63-3068592B3E63}.Release|Any CPU.ActiveCfg = Release|Any CPU
		{378A6621-A24A-460E-9D63-3068592B3E63}.Release|Any CPU.Build.0 = Release|Any CPU
	EndGlobalSection
	GlobalSection(SolutionProperties) = preSolution
		HideSolutionNode = FALSE
	EndGlobalSection
	GlobalSection(ExtensibilityGlobals) = postSolution
		SolutionGuid = {A8CC3986-0846-49BB-88C4-485707A008F1}
	EndGlobalSection
EndGlobal
